{
  "name": "openseadragon-geotiff",
  "version": "1.0.0",
  "lockfileVersion": 3,
  "requires": true,
  "packages": {
    "": {
      "name": "openseadragon-geotiff",
      "version": "1.0.0",
      "license": "ISC",
      "dependencies": {
        "geotiff.js": "^1.0.1",
        "openseadragon": "^5.0.0"
      }
    },
    "node_modules/geotiff.js": {
      "version": "1.0.1",
      "resolved": "https://registry.npmjs.org/geotiff.js/-/geotiff.js-1.0.1.tgz",
      "integrity": "sha512-zf9unbKZQQnLk/Jq2F0+aCClBLZdiLN29UJreU12QB163HzuY1WjHiAbrig8Hl/FeIhFzd8GBfa/6M/rlaLqMg==",
      "dependencies": {
        "pako": "^1.0.3",
        "xmldom": "0.1.*"
      }
    },
    "node_modules/openseadragon": {
      "version": "5.0.0",
      "resolved": "https://registry.npmjs.org/openseadragon/-/openseadragon-5.0.0.tgz",
      "integrity": "sha512-S9aabSjmJg7Jfow1UItR5aXiKQLtkDWyRR5fxLeqT4vSYMvfscXUDfVS9snUN3JuIrHaSPJAlR4H2DYSn5DWRg==",
      "funding": {
        "url": "https://opencollective.com/openseadragon"
      }
    },
    "node_modules/pako": {
      "version": "1.0.11",
      "resolved": "https://registry.npmjs.org/pako/-/pako-1.0.11.tgz",
      "integrity": "sha512-4hLB8Py4zZce5s4yd9XzopqwVv/yGNhV1Bl8NTmCq1763HeK2+EwVTv+leGeL13Dnh2wfbqowVPXCIO0z4taYw=="
    },
    "node_modules/xmldom": {
      "version": "0.1.31",
      "resolved": "https://registry.npmjs.org/xmldom/-/xmldom-0.1.31.tgz",
      "integrity": "sha512-yS2uJflVQs6n+CyjHoaBmVSqIDevTAWrzMmjG1Gc7h1qQ7uVozNhEPJAwZXWyGQ/Gafo3fCwrcaokezLPupVyQ==",
      "deprecated": "Deprecated due to CVE-2021-21366 resolved in 0.5.0",
      "engines": {
        "node": ">=0.1"
      }
    }
  }
}
